
Microsoft Visual Studio Solution File, Format Version 12.00
# Visual Studio Version 17
VisualStudioVersion = 17.3.32929.385
MinimumVisualStudioVersion = 10.0.40219.1
Project("{FAE04EC0-301F-11D3-BF4B-00C04F79EFBC}") = "Задание 16 Работа над ошибками", "Задание 16 Работа над ошибками\Задание 16 Работа над ошибками.csproj", "{4489DA96-3936-4990-9C21-DB3002A82956}"
EndProject
Global
	GlobalSection(SolutionConfigurationPlatforms) = preSolution
		Debug|Any CPU = Debug|Any CPU
		Release|Any CPU = Release|Any CPU
	EndGlobalSection
	GlobalSection(ProjectConfigurationPlatforms) = postSolution
		{4489DA96-3936-4990-9C21-DB3002A82956}.Debug|Any CPU.ActiveCfg = Debug|Any CPU
		{4489DA96-3936-4990-9C21-DB3002A82956}.Debug|Any CPU.Build.0 = Debug|Any CPU
		{4489DA96-3936-4990-9C21-DB3002A82956}.Release|Any CPU.ActiveCfg = Release|Any CPU
		{4489DA96-3936-4990-9C21-DB3002A82956}.Release|Any CPU.Build.0 = Release|Any CPU
	EndGlobalSection
	GlobalSection(SolutionProperties) = preSolution
		HideSolutionNode = FALSE
	EndGlobalSection
	GlobalSection(ExtensibilityGlobals) = postSolution
		SolutionGuid = {9CD4AA2C-F999-4058-891D-53CB6E508BF5}
	EndGlobalSection
EndGlobal
